
Microsoft Visual Studio Solution File, Format Version 12.00
# Visual Studio 2013
VisualStudioVersion = 12.0.40629.0
MinimumVisualStudioVersion = 10.0.40219.1
Project("{FAE04EC0-301F-11D3-BF4B-00C04F79EFBC}") = "CRMModule", "CRMModule\CRMModule.csproj", "{F661468D-900D-458D-831B-F435B3BF8FFC}"
EndProject
Global
	GlobalSection(SolutionConfigurationPlatforms) = preSolution
		Debug|Any CPU = Debug|Any CPU
		Release|Any CPU = Release|Any CPU
	EndGlobalSection
	GlobalSection(ProjectConfigurationPlatforms) = postSolution
		{F661468D-900D-458D-831B-F435B3BF8FFC}.Debug|Any CPU.ActiveCfg = Debug|Any CPU
		{F661468D-900D-458D-831B-F435B3BF8FFC}.Debug|Any CPU.Build.0 = Debug|Any CPU
		{F661468D-900D-458D-831B-F435B3BF8FFC}.Release|Any CPU.ActiveCfg = Release|Any CPU
		{F661468D-900D-458D-831B-F435B3BF8FFC}.Release|Any CPU.Build.0 = Release|Any CPU
	EndGlobalSection
	GlobalSection(SolutionProperties) = preSolution
		HideSolutionNode = FALSE
	EndGlobalSection
EndGlobal
